Microsoft Visual Studio Solution File, Format Version 12.00
# Visual Studio 15
VisualStudioVersion = 15.0.28010.2050
MinimumVisualStudioVersion = 10.0.40219.1
Project("{FAE04EC0-301F-11D3-BF4B-00C04F79EFBC}") = "BookStore", "BookStore\BookStore.csproj", "{363EDF8F-707B-4544-B2EC-AED8DC434F5B}"
EndProject
Global
	GlobalSection(SolutionConfigurationPlatforms) = preSolution
		Debug|Any CPU = Debug|Any CPU
		Release|Any CPU = Release|Any CPU
	EndGlobalSection
	GlobalSection(ProjectConfigurationPlatforms) = postSolution
		{363EDF8F-707B-4544-B2EC-AED8DC434F5B}.Debug|Any CPU.ActiveCfg = Debug|Any CPU
		{363EDF8F-707B-4544-B2EC-AED8DC434F5B}.Debug|Any CPU.Build.0 = Debug|Any CPU
		{363EDF8F-707B-4544-B2EC-AED8DC434F5B}.Release|Any CPU.ActiveCfg = Release|Any CPU
		{363EDF8F-707B-4544-B2EC-AED8DC434F5B}.Release|Any CPU.Build.0 = Release|Any CPU
	EndGlobalSection
	GlobalSection(SolutionProperties) = preSolution
		HideSolutionNode = FALSE
	EndGlobalSection
	GlobalSection(ExtensibilityGlobals) = postSolution
		SolutionGuid = {0E48CB3D-3ACB-4056-81AC-85A995F44972}
	EndGlobalSection
EndGlobal
